
Microsoft Visual Studio Solution File, Format Version 12.00
Project("{2150E333-8FDC-42A3-9474-1A3956D46DE8}") = "Src", "Src", "{07E99BD7-5923-4920-9B6B-72EC65196500}"
EndProject
Project("{2150E333-8FDC-42A3-9474-1A3956D46DE8}") = "Tests", "Tests", "{97932031-C5B2-48A3-83E1-B74B6ECD7805}"
EndProject
Project("{FAE04EC0-301F-11D3-BF4B-00C04F79EFBC}") = "Core", "Src\Core\Core.csproj", "{1C5E8396-07E8-4A26-9CB9-E6A4264417CE}"
EndProject
Project("{FAE04EC0-301F-11D3-BF4B-00C04F79EFBC}") = "ViewModels", "Src\ViewModels\ViewModels.csproj", "{D0A70AF5-B8C4-481A-A436-668A24B71557}"
EndProject
Project("{FAE04EC0-301F-11D3-BF4B-00C04F79EFBC}") = "Infrastructure", "Src\Infrastructure\Infrastructure.csproj", "{4B6F4657-FBD1-4B8C-987A-E2EE18F4033D}"
EndProject
Project("{FAE04EC0-301F-11D3-BF4B-00C04F79EFBC}") = "Presentation", "Src\Presentation\Presentation.csproj", "{3B54039C-5806-4818-BFC2-99BDC6AA0D97}"
EndProject
Project("{FAE04EC0-301F-11D3-BF4B-00C04F79EFBC}") = "Core.UnitTests", "Tests\Core.UnitTests\Core.UnitTests.csproj", "{2AD4FF47-D858-4D9C-AC6C-5BB4CD7DAD8C}"
EndProject
Project("{FAE04EC0-301F-11D3-BF4B-00C04F79EFBC}") = "ViewModels.UnitTests", "Tests\ViewModels.UnitTests\ViewModels.UnitTests.csproj", "{B8A6429C-8AAF-48A9-8C16-CF3D17DB2A9B}"
EndProject
Project("{FAE04EC0-301F-11D3-BF4B-00C04F79EFBC}") = "Infrastructure.UnitTests", "Tests\Infrastructure.UnitTests\Infrastructure.UnitTests.csproj", "{4F88DBB6-8DF6-4455-AB63-EBEC12CCBE5A}"
EndProject
Global
	GlobalSection(SolutionConfigurationPlatforms) = preSolution
		Debug|Any CPU = Debug|Any CPU
		Release|Any CPU = Release|Any CPU
	EndGlobalSection
	GlobalSection(NestedProjects) = preSolution
		{1C5E8396-07E8-4A26-9CB9-E6A4264417CE} = {07E99BD7-5923-4920-9B6B-72EC65196500}
		{D0A70AF5-B8C4-481A-A436-668A24B71557} = {07E99BD7-5923-4920-9B6B-72EC65196500}
		{4B6F4657-FBD1-4B8C-987A-E2EE18F4033D} = {07E99BD7-5923-4920-9B6B-72EC65196500}
		{3B54039C-5806-4818-BFC2-99BDC6AA0D97} = {07E99BD7-5923-4920-9B6B-72EC65196500}
		{2AD4FF47-D858-4D9C-AC6C-5BB4CD7DAD8C} = {97932031-C5B2-48A3-83E1-B74B6ECD7805}
		{B8A6429C-8AAF-48A9-8C16-CF3D17DB2A9B} = {97932031-C5B2-48A3-83E1-B74B6ECD7805}
		{4F88DBB6-8DF6-4455-AB63-EBEC12CCBE5A} = {97932031-C5B2-48A3-83E1-B74B6ECD7805}
	EndGlobalSection
	GlobalSection(ProjectConfigurationPlatforms) = postSolution
		{1C5E8396-07E8-4A26-9CB9-E6A4264417CE}.Debug|Any CPU.ActiveCfg = Debug|Any CPU
		{1C5E8396-07E8-4A26-9CB9-E6A4264417CE}.Debug|Any CPU.Build.0 = Debug|Any CPU
		{1C5E8396-07E8-4A26-9CB9-E6A4264417CE}.Release|Any CPU.ActiveCfg = Release|Any CPU
		{1C5E8396-07E8-4A26-9CB9-E6A4264417CE}.Release|Any CPU.Build.0 = Release|Any CPU
		{D0A70AF5-B8C4-481A-A436-668A24B71557}.Debug|Any CPU.ActiveCfg = Debug|Any CPU
		{D0A70AF5-B8C4-481A-A436-668A24B71557}.Debug|Any CPU.Build.0 = Debug|Any CPU
		{D0A70AF5-B8C4-481A-A436-668A24B71557}.Release|Any CPU.ActiveCfg = Release|Any CPU
		{D0A70AF5-B8C4-481A-A436-668A24B71557}.Release|Any CPU.Build.0 = Release|Any CPU
		{4B6F4657-FBD1-4B8C-987A-E2EE18F4033D}.Debug|Any CPU.ActiveCfg = Debug|Any CPU
		{4B6F4657-FBD1-4B8C-987A-E2EE18F4033D}.Debug|Any CPU.Build.0 = Debug|Any CPU
		{4B6F4657-FBD1-4B8C-987A-E2EE18F4033D}.Release|Any CPU.ActiveCfg = Release|Any CPU
		{4B6F4657-FBD1-4B8C-987A-E2EE18F4033D}.Release|Any CPU.Build.0 = Release|Any CPU
		{3B54039C-5806-4818-BFC2-99BDC6AA0D97}.Debug|Any CPU.ActiveCfg = Debug|Any CPU
		{3B54039C-5806-4818-BFC2-99BDC6AA0D97}.Debug|Any CPU.Build.0 = Debug|Any CPU
		{3B54039C-5806-4818-BFC2-99BDC6AA0D97}.Release|Any CPU.ActiveCfg = Release|Any CPU
		{3B54039C-5806-4818-BFC2-99BDC6AA0D97}.Release|Any CPU.Build.0 = Release|Any CPU
		{2AD4FF47-D858-4D9C-AC6C-5BB4CD7DAD8C}.Debug|Any CPU.ActiveCfg = Debug|Any CPU
		{2AD4FF47-D858-4D9C-AC6C-5BB4CD7DAD8C}.Debug|Any CPU.Build.0 = Debug|Any CPU
		{2AD4FF47-D858-4D9C-AC6C-5BB4CD7DAD8C}.Release|Any CPU.ActiveCfg = Release|Any CPU
		{2AD4FF47-D858-4D9C-AC6C-5BB4CD7DAD8C}.Release|Any CPU.Build.0 = Release|Any CPU
		{B8A6429C-8AAF-48A9-8C16-CF3D17DB2A9B}.Debug|Any CPU.ActiveCfg = Debug|Any CPU
		{B8A6429C-8AAF-48A9-8C16-CF3D17DB2A9B}.Debug|Any CPU.Build.0 = Debug|Any CPU
		{B8A6429C-8AAF-48A9-8C16-CF3D17DB2A9B}.Release|Any CPU.ActiveCfg = Release|Any CPU
		{B8A6429C-8AAF-48A9-8C16-CF3D17DB2A9B}.Release|Any CPU.Build.0 = Release|Any CPU
		{4F88DBB6-8DF6-4455-AB63-EBEC12CCBE5A}.Debug|Any CPU.ActiveCfg = Debug|Any CPU
		{4F88DBB6-8DF6-4455-AB63-EBEC12CCBE5A}.Debug|Any CPU.Build.0 = Debug|Any CPU
		{4F88DBB6-8DF6-4455-AB63-EBEC12CCBE5A}.Release|Any CPU.ActiveCfg = Release|Any CPU
		{4F88DBB6-8DF6-4455-AB63-EBEC12CCBE5A}.Release|Any CPU.Build.0 = Release|Any CPU
	EndGlobalSection
EndGlobal
